// !$*UTF8*$!
{
	archiveVersion = 1;
	classes = {
	};
	objectVersion = 77;
	objects = {

/* Begin PBXBuildFile section */
		70D7CDE53043D1090011ACCA /* WidgetKit.framework in Frameworks */ = {isa = PBXBuildFile; fileRef = 70D7CDE43043D1090011ACCA /* WidgetKit.framework */; };
		70D7CDE73043D1090011ACCA /* SwiftUI.framework in Frameworks */ = {isa = PBXBuildFile; fileRef = 70D7CDE63043D1090011ACCA /* SwiftUI.framework */; };
		70D7CDF83043D10B0011ACCA /* RegimenWidgetExtension.appex in Embed Foundation Extensions */ = {isa = PBXBuildFile; fileRef = 70D7CDE23043D1090011ACCA /* RegimenWidgetExtension.appex */; settings = {ATTRIBUTES = (RemoveHeadersOnCopy, ); }; };
		A1B2C3D4E5F6A1B2C3D4E5F8 /* Supabase in Frameworks */ = {isa = PBXBuildFile; productRef = A1B2C3D4E5F6A1B2C3D4E5F7 /* Supabase */; };
/* End PBXBuildFile section */

/* Begin PBXContainerItemProxy section */
		704B66CA30415783009E448B /* PBXContainerItemProxy */ = {
			isa = PBXContainerItemProxy;
			containerPortal = 704B66B430415782009E448B /* Project object */;
			proxyType = 1;
			remoteGlobalIDString = 704B66BB30415782009E448B;
			remoteInfo = Regimen;
		};
		704B66D430415783009E448B /* PBXContainerItemProxy */ = {
			isa = PBXContainerItemProxy;
			containerPortal = 704B66B430415782009E448B /* Project object */;
			proxyType = 1;
			remoteGlobalIDString = 704B66BB30415782009E448B;
			remoteInfo = Regimen;
		};
		70D7CDF63043D10B0011ACCA /* PBXContainerItemProxy */ = {
			isa = PBXContainerItemProxy;
			containerPortal = 704B66B430415782009E448B /* Project object */;
			proxyType = 1;
			remoteGlobalIDString = 70D7CDE13043D1090011ACCA;
			remoteInfo = RegimenWidgetExtension;
		};
/* End PBXContainerItemProxy section */

/* Begin PBXCopyFilesBuildPhase section */
		70D7CDFD3043D10B0011ACCA /* Embed Foundation Extensions */ = {
			isa = PBXCopyFilesBuildPhase;
			buildActionMask = 2147483647;
			dstPath = "";
			dstSubfolderSpec = 13;
			files = (
				70D7CDF83043D10B0011ACCA /* RegimenWidgetExtension.appex in Embed Foundation Extensions */,
			);
			name = "Embed Foundation Extensions";
			runOnlyForDeploymentPostprocessing = 0;
		};
/* End PBXCopyFilesBuildPhase section */

/* Begin PBXFileReference section */
		704B66BC30415782009E448B /* Regimen.app */ = {isa = PBXFileReference; explicitFileType = wrapper.application; includeInIndex = 0; path = Regimen.app; sourceTree = BUILT_PRODUCTS_DIR; };
		704B66C930415783009E448B /* RegimenTests.xctest */ = {isa = PBXFileReference; explicitFileType = wrapper.cfbundle; includeInIndex = 0; path = RegimenTests.xctest; sourceTree = BUILT_PRODUCTS_DIR; };
		704B66D330415783009E448B /* RegimenUITests.xctest */ = {isa = PBXFileReference; explicitFileType = wrapper.cfbundle; includeInIndex = 0; path = RegimenUITests.xctest; sourceTree = BUILT_PRODUCTS_DIR; };
		70D7CDE23043D1090011ACCA /* RegimenWidgetExtension.appex */ = {isa = PBXFileReference; explicitFileType = "wrapper.app-extension"; includeInIndex = 0; path = RegimenWidgetExtension.appex; sourceTree = BUILT_PRODUCTS_DIR; };
		70D7CDE43043D1090011ACCA /* WidgetKit.framework */ = {isa = PBXFileReference; lastKnownFileType = wrapper.framework; name = WidgetKit.framework; path = System/Library/Frameworks/WidgetKit.framework; sourceTree = SDKROOT; };
		70D7CDE63043D1090011ACCA /* SwiftUI.framework */ = {isa = PBXFileReference; lastKnownFileType = wrapper.framework; name = SwiftUI.framework; path = System/Library/Frameworks/SwiftUI.framework; sourceTree = SDKROOT; };
		70D7CDFF3043D1590011ACCA /* RegimenWidgetExtension.entitlements */ = {isa = PBXFileReference; lastKnownFileType = text.plist.entitlements; path = RegimenWidgetExtension.entitlements; sourceTree = "<group>"; };
		70D7CE063043DEFD0011ACCA /* Regimen.storekit */ = {isa = PBXFileReference; lastKnownFileType = text; path = Regimen.storekit; sourceTree = "<group>"; };
/* End PBXFileReference section */

/* Begin PBXFileSystemSynchronizedBuildFileExceptionSet section */
		70D7CDF93043D10B0011ACCA /* Exceptions for "RegimenWidget" folder in "RegimenWidgetExtension" target */ = {
			isa = PBXFileSystemSynchronizedBuildFileExceptionSet;
			membershipExceptions = (
				Info.plist,
			);
			target = 70D7CDE13043D1090011ACCA /* RegimenWidgetExtension */;
		};
/* End PBXFileSystemSynchronizedBuildFileExceptionSet section */

/* Begin PBXFileSystemSynchronizedRootGroup section */
		704B66BE30415782009E448B /* Regimen */ = {
			isa = PBXFileSystemSynchronizedRootGroup;
			path = Regimen;
			sourceTree = "<group>";
		};
		704B66CC30415783009E448B /* RegimenTests */ = {
			isa = PBXFileSystemSynchronizedRootGroup;
			path = RegimenTests;
			sourceTree = "<group>";
		};
		704B66D630415783009E448B /* RegimenUITests */ = {
			isa = PBXFileSystemSynchronizedRootGroup;
			path = RegimenUITests;
			sourceTree = "<group>";
		};
		70D7CDE83043D1090011ACCA /* RegimenWidget */ = {
			isa = PBXFileSystemSynchronizedRootGroup;
			exceptions = (
				70D7CDF93043D10B0011ACCA /* Exceptions for "RegimenWidget" folder in "RegimenWidgetExtension" target */,
			);
			path = RegimenWidget;
			sourceTree = "<group>";
		};
/* End PBXFileSystemSynchronizedRootGroup section */

/* Begin PBXFrameworksBuildPhase section */
		704B66B930415782009E448B /* Frameworks */ = {
			isa = PBXFrameworksBuildPhase;
			buildActionMask = 2147483647;
			files = (
				A1B2C3D4E5F6A1B2C3D4E5F8 /* Supabase in Frameworks */,
			);
			runOnlyForDeploymentPostprocessing = 0;
		};
		704B66C630415783009E448B /* Frameworks */ = {
			isa = PBXFrameworksBuildPhase;
			buildActionMask = 2147483647;
			files = (
			);
			runOnlyForDeploymentPostprocessing = 0;
		};
		704B66D030415783009E448B /* Frameworks */ = {
			isa = PBXFrameworksBuildPhase;
			buildActionMask = 2147483647;
			files = (
			);
			runOnlyForDeploymentPostprocessing = 0;
		};
		70D7CDDF3043D1090011ACCA /* Frameworks */ = {
			isa = PBXFrameworksBuildPhase;
			buildActionMask = 2147483647;
			files = (
				70D7CDE73043D1090011ACCA /* SwiftUI.framework in Frameworks */,
				70D7CDE53043D1090011ACCA /* WidgetKit.framework in Frameworks */,
			);
			runOnlyForDeploymentPostprocessing = 0;
		};
/* End PBXFrameworksBuildPhase section */

/* Begin PBXGroup section */
		704B66B330415782009E448B = {
			isa = PBXGroup;
			children = (
				70D7CE063043DEFD0011ACCA /* Regimen.storekit */,
				70D7CDFF3043D1590011ACCA /* RegimenWidgetExtension.entitlements */,
				704B66BE30415782009E448B /* Regimen */,
				704B66CC30415783009E448B /* RegimenTests */,
				704B66D630415783009E448B /* RegimenUITests */,
				70D7CDE83043D1090011ACCA /* RegimenWidget */,
				70D7CDE33043D1090011ACCA /* Frameworks */,
				704B66BD30415782009E448B /* Products */,
			);
			sourceTree = "<group>";
		};
		704B66BD30415782009E448B /* Products */ = {
			isa = PBXGroup;
			children = (
				704B66BC30415782009E448B /* Regimen.app */,
				704B66C930415783009E448B /* RegimenTests.xctest */,
				704B66D330415783009E448B /* RegimenUITests.xctest */,
				70D7CDE23043D1090011ACCA /* RegimenWidgetExtension.appex */,
			);
			name = Products;
			sourceTree = "<group>";
		};
		70D7CDE33043D1090011ACCA /* Frameworks */ = {
			isa = PBXGroup;
			children = (
				70D7CDE43043D1090011ACCA /* WidgetKit.framework */,
				70D7CDE63043D1090011ACCA /* SwiftUI.framework */,
			);
			name = Frameworks;
			sourceTree = "<group>";
		};
/* End PBXGroup section */

/* Begin PBXNativeTarget section */
		704B66BB30415782009E448B /* Regimen */ = {
			isa = PBXNativeTarget;
			buildConfigurationList = 704B66DD30415783009E448B /* Build configuration list for PBXNativeTarget "Regimen" */;
			buildPhases = (
				704B66B830415782009E448B /* Sources */,
				704B66B930415782009E448B /* Frameworks */,
				704B66BA30415782009E448B /* Resources */,
				70D7CDFD3043D10B0011ACCA /* Embed Foundation Extensions */,
			);
			buildRules = (
			);
			dependencies = (
				70D7CDF73043D10B0011ACCA /* PBXTargetDependency */,
			);
			fileSystemSynchronizedGroups = (
				704B66BE30415782009E448B /* Regimen */,
			);
			name = Regimen;
			packageProductDependencies = (
				A1B2C3D4E5F6A1B2C3D4E5F7 /* Supabase */,
			);
			productName = Regimen;
			productReference = 704B66BC30415782009E448B /* Regimen.app */;
			productType = "com.apple.product-type.application";
		};
		704B66C830415783009E448B /* RegimenTests */ = {
			isa = PBXNativeTarget;
			buildConfigurationList = 704B66E030415783009E448B /* Build configuration list for PBXNativeTarget "RegimenTests" */;
			buildPhases = (
				704B66C530415783009E448B /* Sources */,
				704B66C630415783009E448B /* Frameworks */,
				704B66C730415783009E448B /* Resources */,
			);
			buildRules = (
			);
			dependencies = (
				704B66CB30415783009E448B /* PBXTargetDependency */,
			);
			fileSystemSynchronizedGroups = (
				704B66CC30415783009E448B /* RegimenTests */,
			);
			name = RegimenTests;
			packageProductDependencies = (
			);
			productName = RegimenTests;
			productReference = 704B66C930415783009E448B /* RegimenTests.xctest */;
			productType = "com.apple.product-type.bundle.unit-test";
		};
		704B66D230415783009E448B /* RegimenUITests */ = {
			isa = PBXNativeTarget;
			buildConfigurationList = 704B66E330415783009E448B /* Build configuration list for PBXNativeTarget "RegimenUITests" */;
			buildPhases = (
				704B66CF30415783009E448B /* Sources */,
				704B66D030415783009E448B /* Frameworks */,
				704B66D130415783009E448B /* Resources */,
			);
			buildRules = (
			);
			dependencies = (
				704B66D530415783009E448B /* PBXTargetDependency */,
			);
			fileSystemSynchronizedGroups = (
				704B66D630415783009E448B /* RegimenUITests */,
			);
			name = RegimenUITests;
			packageProductDependencies = (
			);
			productName = RegimenUITests;
			productReference = 704B66D330415783009E448B /* RegimenUITests.xctest */;
			productType = "com.apple.product-type.bundle.ui-testing";
		};
		70D7CDE13043D1090011ACCA /* RegimenWidgetExtension */ = {
			isa = PBXNativeTarget;
			buildConfigurationList = 70D7CDFA3043D10B0011ACCA /* Build configuration list for PBXNativeTarget "RegimenWidgetExtension" */;
			buildPhases = (
				70D7CDDE3043D1090011ACCA /* Sources */,
				70D7CDDF3043D1090011ACCA /* Frameworks */,
				70D7CDE03043D1090011ACCA /* Resources */,
			);
			buildRules = (
			);
			dependencies = (
			);
			fileSystemSynchronizedGroups = (
				70D7CDE83043D1090011ACCA /* RegimenWidget */,
			);
			name = RegimenWidgetExtension;
			packageProductDependencies = (
			);
			productName = RegimenWidgetExtension;
			productReference = 70D7CDE23043D1090011ACCA /* RegimenWidgetExtension.appex */;
			productType = "com.apple.product-type.app-extension";
		};
/* End PBXNativeTarget section */

/* Begin PBXProject section */
		704B66B430415782009E448B /* Project object */ = {
			isa = PBXProject;
			attributes = {
				BuildIndependentTargetsInParallel = 1;
				LastSwiftUpdateCheck = 2660;
				LastUpgradeCheck = 2660;
				TargetAttributes = {
					704B66BB30415782009E448B = {
						CreatedOnToolsVersion = 26.6;
					};
					704B66C830415783009E448B = {
						CreatedOnToolsVersion = 26.6;
						TestTargetID = 704B66BB30415782009E448B;
					};
					704B66D230415783009E448B = {
						CreatedOnToolsVersion = 26.6;
						TestTargetID = 704B66BB30415782009E448B;
					};
					70D7CDE13043D1090011ACCA = {
						CreatedOnToolsVersion = 26.6;
					};
				};
			};
			buildConfigurationList = 704B66B730415782009E448B /* Build configuration list for PBXProject "Regimen" */;
			developmentRegion = en;
			hasScannedForEncodings = 0;
			knownRegions = (
				en,
				Base,
			);
			mainGroup = 704B66B330415782009E448B;
			minimizedProjectReferenceProxies = 1;
			packageReferences = (
				A1B2C3D4E5F6A1B2C3D4E5F6 /* XCRemoteSwiftPackageReference "supabase-swift" */,
			);
			preferredProjectObjectVersion = 77;
			productRefGroup = 704B66BD30415782009E448B /* Products */;
			projectDirPath = "";
			projectRoot = "";
			targets = (
				704B66BB30415782009E448B /* Regimen */,
				704B66C830415783009E448B /* RegimenTests */,
				704B66D230415783009E448B /* RegimenUITests */,
				70D7CDE13043D1090011ACCA /* RegimenWidgetExtension */,
			);
		};
/* End PBXProject section */

/* Begin PBXResourcesBuildPhase section */
		704B66BA30415782009E448B /* Resources */ = {
			isa = PBXResourcesBuildPhase;
			buildActionMask = 2147483647;
			files = (
			);
			runOnlyForDeploymentPostprocessing = 0;
		};
		704B66C730415783009E448B /* Resources */ = {
			isa = PBXResourcesBuildPhase;
			buildActionMask = 2147483647;
			files = (
			);
			runOnlyForDeploymentPostprocessing = 0;
		};
		704B66D130415783009E448B /* Resources */ = {
			isa = PBXResourcesBuildPhase;
			buildActionMask = 2147483647;
			files = (
			);
			runOnlyForDeploymentPostprocessing = 0;
		};
		70D7CDE03043D1090011ACCA /* Resources */ = {
			isa = PBXResourcesBuildPhase;
			buildActionMask = 2147483647;
			files = (
			);
			runOnlyForDeploymentPostprocessing = 0;
		};
/* End PBXResourcesBuildPhase section */

/* Begin PBXSourcesBuildPhase section */
		704B66B830415782009E448B /* Sources */ = {
			isa = PBXSourcesBuildPhase;
			buildActionMask = 2147483647;
			files = (
			);
			runOnlyForDeploymentPostprocessing = 0;
		};
		704B66C530415783009E448B /* Sources */ = {
			isa = PBXSourcesBuildPhase;
			buildActionMask = 2147483647;
			files = (
			);
			runOnlyForDeploymentPostprocessing = 0;
		};
		704B66CF30415783009E448B /* Sources */ = {
			isa = PBXSourcesBuildPhase;
			buildActionMask = 2147483647;
			files = (
			);
			runOnlyForDeploymentPostprocessing = 0;
		};
		70D7CDDE3043D1090011ACCA /* Sources */ = {
			isa = PBXSourcesBuildPhase;
			buildActionMask = 2147483647;
			files = (
			);
			runOnlyForDeploymentPostprocessing = 0;
		};
/* End PBXSourcesBuildPhase section */

/* Begin PBXTargetDependency section */
		704B66CB30415783009E448B /* PBXTargetDependency */ = {
			isa = PBXTargetDependency;
			target = 704B66BB30415782009E448B /* Regimen */;
			targetProxy = 704B66CA30415783009E448B /* PBXContainerItemProxy */;
		};
		704B66D530415783009E448B /* PBXTargetDependency */ = {
			isa = PBXTargetDependency;
			target = 704B66BB30415782009E448B /* Regimen */;
			targetProxy = 704B66D430415783009E448B /* PBXContainerItemProxy */;
		};
		70D7CDF73043D10B0011ACCA /* PBXTargetDependency */ = {
			isa = PBXTargetDependency;
			target = 70D7CDE13043D1090011ACCA /* RegimenWidgetExtension */;
			targetProxy = 70D7CDF63043D10B0011ACCA /* PBXContainerItemProxy */;
		};
/* End PBXTargetDependency section */

/* Begin XCBuildConfiguration section */
		704B66DB30415783009E448B /* Debug */ = {
			isa = XCBuildConfiguration;
			buildSettings = {
				ALWAYS_SEARCH_USER_PATHS = NO;
				ASSETCATALOG_COMPILER_GENERATE_SWIFT_ASSET_SYMBOL_EXTENSIONS = YES;
				CLANG_ANALYZER_NONNULL = YES;
				CLANG_ANALYZER_NUMBER_OBJECT_CONVERSION = YES_AGGRESSIVE;
				CLANG_CXX_LANGUAGE_STANDARD = "gnu++20";
				CLANG_ENABLE_MODULES = YES;
				CLANG_ENABLE_OBJC_ARC = YES;
				CLANG_ENABLE_OBJC_WEAK = YES;
				CLANG_WARN_BLOCK_CAPTURE_AUTORELEASING = YES;
				CLANG_WARN_BOOL_CONVERSION = YES;
				CLANG_WARN_COMMA = YES;
				CLANG_WARN_CONSTANT_CONVERSION = YES;
				CLANG_WARN_DEPRECATED_OBJC_IMPLEMENTATIONS = YES;
				CLANG_WARN_DIRECT_OBJC_ISA_USAGE = YES_ERROR;
				CLANG_WARN_DOCUMENTATION_COMMENTS = YES;
				CLANG_WARN_EMPTY_BODY = YES;
				CLANG_WARN_ENUM_CONVERSION = YES;
				CLANG_WARN_INFINITE_RECURSION = YES;
				CLANG_WARN_INT_CONVERSION = YES;
				CLANG_WARN_NON_LITERAL_NULL_CONVERSION = YES;
				CLANG_WARN_OBJC_IMPLICIT_RETAIN_SELF = YES;
				CLANG_WARN_OBJC_LITERAL_CONVERSION = YES;
				CLANG_WARN_OBJC_ROOT_CLASS = YES_ERROR;
				CLANG_WARN_QUOTED_INCLUDE_IN_FRAMEWORK_HEADER = YES;
				CLANG_WARN_RANGE_LOOP_ANALYSIS = YES;
				CLANG_WARN_STRICT_PROTOTYPES = YES;
				CLANG_WARN_SUSPICIOUS_MOVE = YES;
				CLANG_WARN_UNGUARDED_AVAILABILITY = YES_AGGRESSIVE;
				CLANG_WARN_UNREACHABLE_CODE = YES;
				CLANG_WARN__DUPLICATE_METHOD_MATCH = YES;
				COPY_PHASE_STRIP = NO;
				DEBUG_INFORMATION_FORMAT = dwarf;
				DEVELOPMENT_TEAM = N92ZZ9Q2HJ;
				ENABLE_STRICT_OBJC_MSGSEND = YES;
				ENABLE_TESTABILITY = YES;
				ENABLE_USER_SCRIPT_SANDBOXING = YES;
				GCC_C_LANGUAGE_STANDARD = gnu17;
				GCC_DYNAMIC_NO_PIC = NO;
				GCC_NO_COMMON_BLOCKS = YES;
				GCC_OPTIMIZATION_LEVEL = 0;
				GCC_PREPROCESSOR_DEFINITIONS = (
					"DEBUG=1",
					"$(inherited)",
				);
				GCC_WARN_64_TO_32_BIT_CONVERSION = YES;
				GCC_WARN_ABOUT_RETURN_TYPE = YES_ERROR;
				GCC_WARN_UNDECLARED_SELECTOR = YES;
				GCC_WARN_UNINITIALIZED_AUTOS = YES_AGGRESSIVE;
				GCC_WARN_UNUSED_FUNCTION = YES;
				GCC_WARN_UNUSED_VARIABLE = YES;
				IPHONEOS_DEPLOYMENT_TARGET = 17.0;
				LOCALIZATION_PREFERS_STRING_CATALOGS = YES;
				MTL_ENABLE_DEBUG_INFO = INCLUDE_SOURCE;
				MTL_FAST_MATH = YES;
				ONLY_ACTIVE_ARCH = YES;
				SDKROOT = iphoneos;
				SWIFT_ACTIVE_COMPILATION_CONDITIONS = "DEBUG $(inherited)";
				SWIFT_OPTIMIZATION_LEVEL = "-Onone";
			};
			name = Debug;
		};
		704B66DC30415783009E448B /* Release */ = {
			isa = XCBuildConfiguration;
			buildSettings = {
				ALWAYS_SEARCH_USER_PATHS = NO;
				ASSETCATALOG_COMPILER_GENERATE_SWIFT_ASSET_SYMBOL_EXTENSIONS = YES;
				CLANG_ANALYZER_NONNULL = YES;
				CLANG_ANALYZER_NUMBER_OBJECT_CONVERSION = YES_AGGRESSIVE;
				CLANG_CXX_LANGUAGE_STANDARD = "gnu++20";
				CLANG_ENABLE_MODULES = YES;
				CLANG_ENABLE_OBJC_ARC = YES;
				CLANG_ENABLE_OBJC_WEAK = YES;
				CLANG_WARN_BLOCK_CAPTURE_AUTORELEASING = YES;
				CLANG_WARN_BOOL_CONVERSION = YES;
				CLANG_WARN_COMMA = YES;
				CLANG_WARN_CONSTANT_CONVERSION = YES;
				CLANG_WARN_DEPRECATED_OBJC_IMPLEMENTATIONS = YES;
				CLANG_WARN_DIRECT_OBJC_ISA_USAGE = YES_ERROR;
				CLANG_WARN_DOCUMENTATION_COMMENTS = YES;
				CLANG_WARN_EMPTY_BODY = YES;
				CLANG_WARN_ENUM_CONVERSION = YES;
				CLANG_WARN_INFINITE_RECURSION = YES;
				CLANG_WARN_INT_CONVERSION = YES;
				CLANG_WARN_NON_LITERAL_NULL_CONVERSION = YES;
				CLANG_WARN_OBJC_IMPLICIT_RETAIN_SELF = YES;
				CLANG_WARN_OBJC_LITERAL_CONVERSION = YES;
				CLANG_WARN_OBJC_ROOT_CLASS = YES_ERROR;
				CLANG_WARN_QUOTED_INCLUDE_IN_FRAMEWORK_HEADER = YES;
				CLANG_WARN_RANGE_LOOP_ANALYSIS = YES;
				CLANG_WARN_STRICT_PROTOTYPES = YES;
				CLANG_WARN_SUSPICIOUS_MOVE = YES;
				CLANG_WARN_UNGUARDED_AVAILABILITY = YES_AGGRESSIVE;
				CLANG_WARN_UNREACHABLE_CODE = YES;
				CLANG_WARN__DUPLICATE_METHOD_MATCH = YES;
				COPY_PHASE_STRIP = NO;
				DEBUG_INFORMATION_FORMAT = "dwarf-with-dsym";
				DEVELOPMENT_TEAM = N92ZZ9Q2HJ;
				ENABLE_NS_ASSERTIONS = NO;
				ENABLE_STRICT_OBJC_MSGSEND = YES;
				ENABLE_USER_SCRIPT_SANDBOXING = YES;
				GCC_C_LANGUAGE_STANDARD = gnu17;
				GCC_NO_COMMON_BLOCKS = YES;
				GCC_WARN_64_TO_32_BIT_CONVERSION = YES;
				GCC_WARN_ABOUT_RETURN_TYPE = YES_ERROR;
				GCC_WARN_UNDECLARED_SELECTOR = YES;
				GCC_WARN_UNINITIALIZED_AUTOS = YES_AGGRESSIVE;
				GCC_WARN_UNUSED_FUNCTION = YES;
				GCC_WARN_UNUSED_VARIABLE = YES;
				IPHONEOS_DEPLOYMENT_TARGET = 17.0;
				LOCALIZATION_PREFERS_STRING_CATALOGS = YES;
				MTL_ENABLE_DEBUG_INFO = NO;
				MTL_FAST_MATH = YES;
				SDKROOT = iphoneos;
				SWIFT_COMPILATION_MODE = wholemodule;
				VALIDATE_PRODUCT = YES;
			};
			name = Release;
		};
		704B66DE30415783009E448B /* Debug */ = {
			isa = XCBuildConfiguration;
			buildSettings = {
				ASSETCATALOG_COMPILER_APPICON_NAME = AppIcon;
				ASSETCATALOG_COMPILER_GLOBAL_ACCENT_COLOR_NAME = AccentColor;
				CODE_SIGN_ENTITLEMENTS = Regimen/Regimen.entitlements;
				CODE_SIGN_STYLE = Automatic;
				CURRENT_PROJECT_VERSION = 1;
				DEVELOPMENT_TEAM = N92ZZ9Q2HJ;
				ENABLE_PREVIEWS = YES;
				GENERATE_INFOPLIST_FILE = YES;
				INFOPLIST_KEY_ITSAppUsesNonExemptEncryption = NO;
				INFOPLIST_KEY_NSCameraUsageDescription = "Regimen uses your camera to capture skincare progress photos.";
				INFOPLIST_KEY_UIApplicationSceneManifest_Generation = YES;
				INFOPLIST_KEY_UIApplicationSupportsIndirectInputEvents = YES;
				INFOPLIST_KEY_UILaunchScreen_Generation = YES;
				INFOPLIST_KEY_UISupportedInterfaceOrientations_iPad = "UIInterfaceOrientationPortrait UIInterfaceOrientationPortraitUpsideDown UIInterfaceOrientationLandscapeLeft UIInterfaceOrientationLandscapeRight";
				INFOPLIST_KEY_UISupportedInterfaceOrientations_iPhone = "UIInterfaceOrientationPortrait UIInterfaceOrientationLandscapeLeft UIInterfaceOrientationLandscapeRight";
				LD_RUNPATH_SEARCH_PATHS = (
					"$(inherited)",
					"@executable_path/Frameworks",
				);
				MARKETING_VERSION = 1.0;
				PRODUCT_BUNDLE_IDENTIFIER = com.alecagayan.Regimen;
				PRODUCT_NAME = "$(TARGET_NAME)";
				STRING_CATALOG_GENERATE_SYMBOLS = YES;
				SWIFT_APPROACHABLE_CONCURRENCY = YES;
				SWIFT_DEFAULT_ACTOR_ISOLATION = MainActor;
				SWIFT_EMIT_LOC_STRINGS = YES;
				SWIFT_UPCOMING_FEATURE_MEMBER_IMPORT_VISIBILITY = YES;
				SWIFT_VERSION = 5.0;
				TARGETED_DEVICE_FAMILY = "1,2";
			};
			name = Debug;
		};
		704B66DF30415783009E448B /* Release */ = {
			isa = XCBuildConfiguration;
			buildSettings = {
				ASSETCATALOG_COMPILER_APPICON_NAME = AppIcon;
				ASSETCATALOG_COMPILER_GLOBAL_ACCENT_COLOR_NAME = AccentColor;
				CODE_SIGN_ENTITLEMENTS = Regimen/Regimen.entitlements;
				CODE_SIGN_STYLE = Automatic;
				CURRENT_PROJECT_VERSION = 1;
				DEVELOPMENT_TEAM = N92ZZ9Q2HJ;
				ENABLE_PREVIEWS = YES;
				GENERATE_INFOPLIST_FILE = YES;
				INFOPLIST_KEY_ITSAppUsesNonExemptEncryption = NO;
				INFOPLIST_KEY_NSCameraUsageDescription = "Regimen uses your camera to capture skincare progress photos.";
				INFOPLIST_KEY_UIApplicationSceneManifest_Generation = YES;
				INFOPLIST_KEY_UIApplicationSupportsIndirectInputEvents = YES;
				INFOPLIST_KEY_UILaunchScreen_Generation = YES;
				INFOPLIST_KEY_UISupportedInterfaceOrientations_iPad = "UIInterfaceOrientationPortrait UIInterfaceOrientationPortraitUpsideDown UIInterfaceOrientationLandscapeLeft UIInterfaceOrientationLandscapeRight";
				INFOPLIST_KEY_UISupportedInterfaceOrientations_iPhone = "UIInterfaceOrientationPortrait UIInterfaceOrientationLandscapeLeft UIInterfaceOrientationLandscapeRight";
				LD_RUNPATH_SEARCH_PATHS = (
					"$(inherited)",
					"@executable_path/Frameworks",
				);
				MARKETING_VERSION = 1.0;
				PRODUCT_BUNDLE_IDENTIFIER = com.alecagayan.Regimen;
				PRODUCT_NAME = "$(TARGET_NAME)";
				STRING_CATALOG_GENERATE_SYMBOLS = YES;
				SWIFT_APPROACHABLE_CONCURRENCY = YES;
				SWIFT_DEFAULT_ACTOR_ISOLATION = MainActor;
				SWIFT_EMIT_LOC_STRINGS = YES;
				SWIFT_UPCOMING_FEATURE_MEMBER_IMPORT_VISIBILITY = YES;
				SWIFT_VERSION = 5.0;
				TARGETED_DEVICE_FAMILY = "1,2";
			};
			name = Release;
		};
		704B66E130415783009E448B /* Debug */ = {
			isa = XCBuildConfiguration;
			buildSettings = {
				BUNDLE_LOADER = "$(TEST_HOST)";
				CODE_SIGN_STYLE = Automatic;
				CURRENT_PROJECT_VERSION = 1;
				DEVELOPMENT_TEAM = N92ZZ9Q2HJ;
				GENERATE_INFOPLIST_FILE = YES;
				IPHONEOS_DEPLOYMENT_TARGET = 17.0;
				MARKETING_VERSION = 1.0;
				PRODUCT_BUNDLE_IDENTIFIER = com.alecagayan.RegimenTests;
				PRODUCT_NAME = "$(TARGET_NAME)";
				STRING_CATALOG_GENERATE_SYMBOLS = NO;
				SWIFT_APPROACHABLE_CONCURRENCY = YES;
				SWIFT_EMIT_LOC_STRINGS = NO;
				SWIFT_UPCOMING_FEATURE_MEMBER_IMPORT_VISIBILITY = YES;
				SWIFT_VERSION = 5.0;
				TARGETED_DEVICE_FAMILY = "1,2";
				TEST_HOST = "$(BUILT_PRODUCTS_DIR)/Regimen.app/$(BUNDLE_EXECUTABLE_FOLDER_PATH)/Regimen";
			};
			name = Debug;
		};
		704B66E230415783009E448B /* Release */ = {
			isa = XCBuildConfiguration;
			buildSettings = {
				BUNDLE_LOADER = "$(TEST_HOST)";
				CODE_SIGN_STYLE = Automatic;
				CURRENT_PROJECT_VERSION = 1;
				DEVELOPMENT_TEAM = N92ZZ9Q2HJ;
				GENERATE_INFOPLIST_FILE = YES;
				IPHONEOS_DEPLOYMENT_TARGET = 17.0;
				MARKETING_VERSION = 1.0;
				PRODUCT_BUNDLE_IDENTIFIER = com.alecagayan.RegimenTests;
				PRODUCT_NAME = "$(TARGET_NAME)";
				STRING_CATALOG_GENERATE_SYMBOLS = NO;
				SWIFT_APPROACHABLE_CONCURRENCY = YES;
				SWIFT_EMIT_LOC_STRINGS = NO;
				SWIFT_UPCOMING_FEATURE_MEMBER_IMPORT_VISIBILITY = YES;
				SWIFT_VERSION = 5.0;
				TARGETED_DEVICE_FAMILY = "1,2";
				TEST_HOST = "$(BUILT_PRODUCTS_DIR)/Regimen.app/$(BUNDLE_EXECUTABLE_FOLDER_PATH)/Regimen";
			};
			name = Release;
		};
		704B66E430415783009E448B /* Debug */ = {
			isa = XCBuildConfiguration;
			buildSettings = {
				CODE_SIGN_STYLE = Automatic;
				CURRENT_PROJECT_VERSION = 1;
				DEVELOPMENT_TEAM = N92ZZ9Q2HJ;
				GENERATE_INFOPLIST_FILE = YES;
				MARKETING_VERSION = 1.0;
				PRODUCT_BUNDLE_IDENTIFIER = com.alecagayan.RegimenUITests;
				PRODUCT_NAME = "$(TARGET_NAME)";
				STRING_CATALOG_GENERATE_SYMBOLS = NO;
				SWIFT_APPROACHABLE_CONCURRENCY = YES;
				SWIFT_EMIT_LOC_STRINGS = NO;
				SWIFT_UPCOMING_FEATURE_MEMBER_IMPORT_VISIBILITY = YES;
				SWIFT_VERSION = 5.0;
				TARGETED_DEVICE_FAMILY = "1,2";
				TEST_TARGET_NAME = Regimen;
			};
			name = Debug;
		};
		704B66E530415783009E448B /* Release */ = {
			isa = XCBuildConfiguration;
			buildSettings = {
				CODE_SIGN_STYLE = Automatic;
				CURRENT_PROJECT_VERSION = 1;
				DEVELOPMENT_TEAM = N92ZZ9Q2HJ;
				GENERATE_INFOPLIST_FILE = YES;
				MARKETING_VERSION = 1.0;
				PRODUCT_BUNDLE_IDENTIFIER = com.alecagayan.RegimenUITests;
				PRODUCT_NAME = "$(TARGET_NAME)";
				STRING_CATALOG_GENERATE_SYMBOLS = NO;
				SWIFT_APPROACHABLE_CONCURRENCY = YES;
				SWIFT_EMIT_LOC_STRINGS = NO;
				SWIFT_UPCOMING_FEATURE_MEMBER_IMPORT_VISIBILITY = YES;
				SWIFT_VERSION = 5.0;
				TARGETED_DEVICE_FAMILY = "1,2";
				TEST_TARGET_NAME = Regimen;
			};
			name = Release;
		};
		70D7CDFB3043D10B0011ACCA /* Debug */ = {
			isa = XCBuildConfiguration;
			buildSettings = {
				ASSETCATALOG_COMPILER_GLOBAL_ACCENT_COLOR_NAME = AccentColor;
				ASSETCATALOG_COMPILER_WIDGET_BACKGROUND_COLOR_NAME = WidgetBackground;
				CODE_SIGN_ENTITLEMENTS = RegimenWidgetExtension.entitlements;
				CODE_SIGN_STYLE = Automatic;
				CURRENT_PROJECT_VERSION = 1;
				DEVELOPMENT_TEAM = N92ZZ9Q2HJ;
				GENERATE_INFOPLIST_FILE = YES;
				INFOPLIST_FILE = RegimenWidget/Info.plist;
				INFOPLIST_KEY_CFBundleDisplayName = RegimenWidget;
				INFOPLIST_KEY_NSHumanReadableCopyright = "";
				IPHONEOS_DEPLOYMENT_TARGET = 26.5;
				LD_RUNPATH_SEARCH_PATHS = (
					"$(inherited)",
					"@executable_path/Frameworks",
					"@executable_path/../../Frameworks",
				);
				MARKETING_VERSION = 1.0;
				PRODUCT_BUNDLE_IDENTIFIER = com.alecagayan.Regimen.RegimenWidget;
				PRODUCT_NAME = "$(TARGET_NAME)";
				SKIP_INSTALL = YES;
				STRING_CATALOG_GENERATE_SYMBOLS = YES;
				SWIFT_APPROACHABLE_CONCURRENCY = YES;
				SWIFT_EMIT_LOC_STRINGS = YES;
				SWIFT_UPCOMING_FEATURE_MEMBER_IMPORT_VISIBILITY = YES;
				SWIFT_VERSION = 5.0;
				TARGETED_DEVICE_FAMILY = "1,2";
			};
			name = Debug;
		};
		70D7CDFC3043D10B0011ACCA /* Release */ = {
			isa = XCBuildConfiguration;
			buildSettings = {
				ASSETCATALOG_COMPILER_GLOBAL_ACCENT_COLOR_NAME = AccentColor;
				ASSETCATALOG_COMPILER_WIDGET_BACKGROUND_COLOR_NAME = WidgetBackground;
				CODE_SIGN_ENTITLEMENTS = RegimenWidgetExtension.entitlements;
				CODE_SIGN_STYLE = Automatic;
				CURRENT_PROJECT_VERSION = 1;
				DEVELOPMENT_TEAM = N92ZZ9Q2HJ;
				GENERATE_INFOPLIST_FILE = YES;
				INFOPLIST_FILE = RegimenWidget/Info.plist;
				INFOPLIST_KEY_CFBundleDisplayName = RegimenWidget;
				INFOPLIST_KEY_NSHumanReadableCopyright = "";
				IPHONEOS_DEPLOYMENT_TARGET = 26.5;
				LD_RUNPATH_SEARCH_PATHS = (
					"$(inherited)",
					"@executable_path/Frameworks",
					"@executable_path/../../Frameworks",
				);
				MARKETING_VERSION = 1.0;
				PRODUCT_BUNDLE_IDENTIFIER = com.alecagayan.Regimen.RegimenWidget;
				PRODUCT_NAME = "$(TARGET_NAME)";
				SKIP_INSTALL = YES;
				STRING_CATALOG_GENERATE_SYMBOLS = YES;
				SWIFT_APPROACHABLE_CONCURRENCY = YES;
				SWIFT_EMIT_LOC_STRINGS = YES;
				SWIFT_UPCOMING_FEATURE_MEMBER_IMPORT_VISIBILITY = YES;
				SWIFT_VERSION = 5.0;
				TARGETED_DEVICE_FAMILY = "1,2";
			};
			name = Release;
		};
/* End XCBuildConfiguration section */

/* Begin XCConfigurationList section */
		704B66B730415782009E448B /* Build configuration list for PBXProject "Regimen" */ = {
			isa = XCConfigurationList;
			buildConfigurations = (
				704B66DB30415783009E448B /* Debug */,
				704B66DC30415783009E448B /* Release */,
			);
			defaultConfigurationIsVisible = 0;
			defaultConfigurationName = Release;
		};
		704B66DD30415783009E448B /* Build configuration list for PBXNativeTarget "Regimen" */ = {
			isa = XCConfigurationList;
			buildConfigurations = (
				704B66DE30415783009E448B /* Debug */,
				704B66DF30415783009E448B /* Release */,
			);
			defaultConfigurationIsVisible = 0;
			defaultConfigurationName = Release;
		};
		704B66E030415783009E448B /* Build configuration list for PBXNativeTarget "RegimenTests" */ = {
			isa = XCConfigurationList;
			buildConfigurations = (
				704B66E130415783009E448B /* Debug */,
				704B66E230415783009E448B /* Release */,
			);
			defaultConfigurationIsVisible = 0;
			defaultConfigurationName = Release;
		};
		704B66E330415783009E448B /* Build configuration list for PBXNativeTarget "RegimenUITests" */ = {
			isa = XCConfigurationList;
			buildConfigurations = (
				704B66E430415783009E448B /* Debug */,
				704B66E530415783009E448B /* Release */,
			);
			defaultConfigurationIsVisible = 0;
			defaultConfigurationName = Release;
		};
		70D7CDFA3043D10B0011ACCA /* Build configuration list for PBXNativeTarget "RegimenWidgetExtension" */ = {
			isa = XCConfigurationList;
			buildConfigurations = (
				70D7CDFB3043D10B0011ACCA /* Debug */,
				70D7CDFC3043D10B0011ACCA /* Release */,
			);
			defaultConfigurationIsVisible = 0;
			defaultConfigurationName = Release;
		};
/* End XCConfigurationList section */

/* Begin XCRemoteSwiftPackageReference section */
		A1B2C3D4E5F6A1B2C3D4E5F6 /* XCRemoteSwiftPackageReference "supabase-swift" */ = {
			isa = XCRemoteSwiftPackageReference;
			repositoryURL = "https://github.com/supabase/supabase-swift";
			requirement = {
				kind = upToNextMajorVersion;
				minimumVersion = 2.0.0;
			};
		};
/* End XCRemoteSwiftPackageReference section */

/* Begin XCSwiftPackageProductDependency section */
		A1B2C3D4E5F6A1B2C3D4E5F7 /* Supabase */ = {
			isa = XCSwiftPackageProductDependency;
			package = A1B2C3D4E5F6A1B2C3D4E5F6 /* XCRemoteSwiftPackageReference "supabase-swift" */;
			productName = Supabase;
		};
/* End XCSwiftPackageProductDependency section */
	};
	rootObject = 704B66B430415782009E448B /* Project object */;
}
